
Microsoft Visual Studio Solution File, Format Version 12.00
# Visual Studio Version 16
VisualStudioVersion = 16.0.28902.138
MinimumVisualStudioVersion = 10.0.40219.1
Project("{FAE04EC0-301F-11D3-BF4B-00C04F79EFBC}") = "DataService", "DataService\DataService.csproj", "{B0400D8A-B505-4573-B162-0C9C0D5C753F}"
EndProject
Project("{FAE04EC0-301F-11D3-BF4B-00C04F79EFBC}") = "BookingFood.WebAPI", "BookingFood.WebAPI\BookingFood.WebAPI.csproj", "{5756124E-113E-476C-A6B4-34A5C769984D}"
EndProject
Global
	GlobalSection(SolutionConfigurationPlatforms) = preSolution
		Debug|Any CPU = Debug|Any CPU
		Release|Any CPU = Release|Any CPU
	EndGlobalSection
	GlobalSection(ProjectConfigurationPlatforms) = postSolution
		{B0400D8A-B505-4573-B162-0C9C0D5C753F}.Debug|Any CPU.ActiveCfg = Debug|Any CPU
		{B0400D8A-B505-4573-B162-0C9C0D5C753F}.Debug|Any CPU.Build.0 = Debug|Any CPU
		{B0400D8A-B505-4573-B162-0C9C0D5C753F}.Release|Any CPU.ActiveCfg = Release|Any CPU
		{B0400D8A-B505-4573-B162-0C9C0D5C753F}.Release|Any CPU.Build.0 = Release|Any CPU
		{5756124E-113E-476C-A6B4-34A5C769984D}.Debug|Any CPU.ActiveCfg = Debug|Any CPU
		{5756124E-113E-476C-A6B4-34A5C769984D}.Debug|Any CPU.Build.0 = Debug|Any CPU
		{5756124E-113E-476C-A6B4-34A5C769984D}.Release|Any CPU.ActiveCfg = Release|Any CPU
		{5756124E-113E-476C-A6B4-34A5C769984D}.Release|Any CPU.Build.0 = Release|Any CPU
	EndGlobalSection
	GlobalSection(SolutionProperties) = preSolution
		HideSolutionNode = FALSE
	EndGlobalSection
	GlobalSection(ExtensibilityGlobals) = postSolution
		SolutionGuid = {2AD80A0F-B1B5-48C6-A972-0BA9F5352D60}
	EndGlobalSection
EndGlobal
